
Microsoft Visual Studio Solution File, Format Version 12.00
# Visual Studio 2013
VisualStudioVersion = 12.0.31101.0
MinimumVisualStudioVersion = 10.0.40219.1
Project("{FAE04EC0-301F-11D3-BF4B-00C04F79EFBC}") = "GO.Site", "GO\GO.Site.csproj", "{A56C5794-7B59-4F2E-93C7-26B2C5C9B5A8}"
EndProject
Project("{FAE04EC0-301F-11D3-BF4B-00C04F79EFBC}") = "GO.Tests", "GO.Tests\GO.Tests.csproj", "{4FE80D0F-9965-4499-8F8F-597D57C03E66}"
EndProject
Project("{FAE04EC0-301F-11D3-BF4B-00C04F79EFBC}") = "GO.Domain", "GO.Domain\GO.Domain.csproj", "{7223AE94-57F7-4FD9-A15A-EB9D89D344FF}"
EndProject
Project("{FAE04EC0-301F-11D3-BF4B-00C04F79EFBC}") = "GO.Infra", "GO.Infra\GO.Infra.csproj", "{13FEBE7F-EE23-4CB3-9813-C507D59AC575}"
EndProject
Project("{FAE04EC0-301F-11D3-BF4B-00C04F79EFBC}") = "GO.Service", "GO.Service\GO.Service.csproj", "{2C9E2473-EF33-4C58-A971-64C9788AB2E0}"
EndProject
Global
	GlobalSection(SolutionConfigurationPlatforms) = preSolution
		Debug|Any CPU = Debug|Any CPU
		Release|Any CPU = Release|Any CPU
	EndGlobalSection
	GlobalSection(ProjectConfigurationPlatforms) = postSolution
		{A56C5794-7B59-4F2E-93C7-26B2C5C9B5A8}.Debug|Any CPU.ActiveCfg = Debug|Any CPU
		{A56C5794-7B59-4F2E-93C7-26B2C5C9B5A8}.Debug|Any CPU.Build.0 = Debug|Any CPU
		{A56C5794-7B59-4F2E-93C7-26B2C5C9B5A8}.Release|Any CPU.ActiveCfg = Release|Any CPU
		{A56C5794-7B59-4F2E-93C7-26B2C5C9B5A8}.Release|Any CPU.Build.0 = Release|Any CPU
		{4FE80D0F-9965-4499-8F8F-597D57C03E66}.Debug|Any CPU.ActiveCfg = Debug|Any CPU
		{4FE80D0F-9965-4499-8F8F-597D57C03E66}.Debug|Any CPU.Build.0 = Debug|Any CPU
		{4FE80D0F-9965-4499-8F8F-597D57C03E66}.Release|Any CPU.ActiveCfg = Release|Any CPU
		{4FE80D0F-9965-4499-8F8F-597D57C03E66}.Release|Any CPU.Build.0 = Release|Any CPU
		{7223AE94-57F7-4FD9-A15A-EB9D89D344FF}.Debug|Any CPU.ActiveCfg = Debug|Any CPU
		{7223AE94-57F7-4FD9-A15A-EB9D89D344FF}.Debug|Any CPU.Build.0 = Debug|Any CPU
		{7223AE94-57F7-4FD9-A15A-EB9D89D344FF}.Release|Any CPU.ActiveCfg = Release|Any CPU
		{7223AE94-57F7-4FD9-A15A-EB9D89D344FF}.Release|Any CPU.Build.0 = Release|Any CPU
		{13FEBE7F-EE23-4CB3-9813-C507D59AC575}.Debug|Any CPU.ActiveCfg = Debug|Any CPU
		{13FEBE7F-EE23-4CB3-9813-C507D59AC575}.Debug|Any CPU.Build.0 = Debug|Any CPU
		{13FEBE7F-EE23-4CB3-9813-C507D59AC575}.Release|Any CPU.ActiveCfg = Release|Any CPU
		{13FEBE7F-EE23-4CB3-9813-C507D59AC575}.Release|Any CPU.Build.0 = Release|Any CPU
		{2C9E2473-EF33-4C58-A971-64C9788AB2E0}.Debug|Any CPU.ActiveCfg = Debug|Any CPU
		{2C9E2473-EF33-4C58-A971-64C9788AB2E0}.Debug|Any CPU.Build.0 = Debug|Any CPU
		{2C9E2473-EF33-4C58-A971-64C9788AB2E0}.Release|Any CPU.ActiveCfg = Release|Any CPU
		{2C9E2473-EF33-4C58-A971-64C9788AB2E0}.Release|Any CPU.Build.0 = Release|Any CPU
	EndGlobalSection
	GlobalSection(SolutionProperties) = preSolution
		HideSolutionNode = FALSE
	EndGlobalSection
EndGlobal
